
Microsoft Visual Studio Solution File, Format Version 12.00
# Visual Studio 15
VisualStudioVersion = 15.0.27703.2018
MinimumVisualStudioVersion = 10.0.40219.1
Project("{FAE04EC0-301F-11D3-BF4B-00C04F79EFBC}") = "Engine", "Engine\Engine.csproj", "{2DC26F6E-F24C-4CCA-965B-3BEADA376228}"
EndProject
Project("{FAE04EC0-301F-11D3-BF4B-00C04F79EFBC}") = "Client", "Client\Client.csproj", "{57430171-AA73-44DE-9FF0-AE3E5518A633}"
EndProject
Global
	GlobalSection(SolutionConfigurationPlatforms) = preSolution
		Debug|Any CPU = Debug|Any CPU
		Release|Any CPU = Release|Any CPU
	EndGlobalSection
	GlobalSection(ProjectConfigurationPlatforms) = postSolution
		{2DC26F6E-F24C-4CCA-965B-3BEADA376228}.Debug|Any CPU.ActiveCfg = Debug|Any CPU
		{2DC26F6E-F24C-4CCA-965B-3BEADA376228}.Debug|Any CPU.Build.0 = Debug|Any CPU
		{2DC26F6E-F24C-4CCA-965B-3BEADA376228}.Release|Any CPU.ActiveCfg = Release|Any CPU
		{2DC26F6E-F24C-4CCA-965B-3BEADA376228}.Release|Any CPU.Build.0 = Release|Any CPU
		{57430171-AA73-44DE-9FF0-AE3E5518A633}.Debug|Any CPU.ActiveCfg = Debug|Any CPU
		{57430171-AA73-44DE-9FF0-AE3E5518A633}.Debug|Any CPU.Build.0 = Debug|Any CPU
		{57430171-AA73-44DE-9FF0-AE3E5518A633}.Release|Any CPU.ActiveCfg = Release|Any CPU
		{57430171-AA73-44DE-9FF0-AE3E5518A633}.Release|Any CPU.Build.0 = Release|Any CPU
	EndGlobalSection
	GlobalSection(SolutionProperties) = preSolution
		HideSolutionNode = FALSE
	EndGlobalSection
	GlobalSection(ExtensibilityGlobals) = postSolution
		SolutionGuid = {70AC1885-5E50-4D13-8A81-1B1BF68BAA5D}
	EndGlobalSection
EndGlobal
